
Microsoft Visual Studio Solution File, Format Version 12.00
# Visual Studio Version 17
VisualStudioVersion = 17.11.35222.181
MinimumVisualStudioVersion = 10.0.40219.1
Project("{FAE04EC0-301F-11D3-BF4B-00C04F79EFBC}") = "01.ReverseString", "ReverseString\01.ReverseString.csproj", "{CAB9DFDD-BF31-4165-B49E-CDF83243779D}"
EndProject
Project("{FAE04EC0-301F-11D3-BF4B-00C04F79EFBC}") = "02.RepeatStrings", "02.RepeatStrings\02.RepeatStrings.csproj", "{B35AEC15-4C47-4D39-AEBE-1988F040BA32}"
EndProject
Project("{FAE04EC0-301F-11D3-BF4B-00C04F79EFBC}") = "03.Substring", "03.Substring\03.Substring.csproj", "{F43DC159-9A1F-4A6C-837E-BA3467175893}"
EndProject
Project("{FAE04EC0-301F-11D3-BF4B-00C04F79EFBC}") = "04.TextFilter", "04.TextFilter\04.TextFilter.csproj", "{FEF1D5A9-C5CB-44A1-B443-4BF4AE374EE6}"
EndProject
Project("{FAE04EC0-301F-11D3-BF4B-00C04F79EFBC}") = "05.DigitsLettersAndOther", "05.DigitsLettersAndOther\05.DigitsLettersAndOther.csproj", "{4295AE72-F98A-4206-A739-2DD40C924CEE}"
EndProject
Global
	GlobalSection(SolutionConfigurationPlatforms) = preSolution
		Debug|Any CPU = Debug|Any CPU
		Release|Any CPU = Release|Any CPU
	EndGlobalSection
	GlobalSection(ProjectConfigurationPlatforms) = postSolution
		{CAB9DFDD-BF31-4165-B49E-CDF83243779D}.Debug|Any CPU.ActiveCfg = Debug|Any CPU
		{CAB9DFDD-BF31-4165-B49E-CDF83243779D}.Debug|Any CPU.Build.0 = Debug|Any CPU
		{CAB9DFDD-BF31-4165-B49E-CDF83243779D}.Release|Any CPU.ActiveCfg = Release|Any CPU
		{CAB9DFDD-BF31-4165-B49E-CDF83243779D}.Release|Any CPU.Build.0 = Release|Any CPU
		{B35AEC15-4C47-4D39-AEBE-1988F040BA32}.Debug|Any CPU.ActiveCfg = Debug|Any CPU
		{B35AEC15-4C47-4D39-AEBE-1988F040BA32}.Debug|Any CPU.Build.0 = Debug|Any CPU
		{B35AEC15-4C47-4D39-AEBE-1988F040BA32}.Release|Any CPU.ActiveCfg = Release|Any CPU
		{B35AEC15-4C47-4D39-AEBE-1988F040BA32}.Release|Any CPU.Build.0 = Release|Any CPU
		{F43DC159-9A1F-4A6C-837E-BA3467175893}.Debug|Any CPU.ActiveCfg = Debug|Any CPU
		{F43DC159-9A1F-4A6C-837E-BA3467175893}.Debug|Any CPU.Build.0 = Debug|Any CPU
		{F43DC159-9A1F-4A6C-837E-BA3467175893}.Release|Any CPU.ActiveCfg = Release|Any CPU
		{F43DC159-9A1F-4A6C-837E-BA3467175893}.Release|Any CPU.Build.0 = Release|Any CPU
		{FEF1D5A9-C5CB-44A1-B443-4BF4AE374EE6}.Debug|Any CPU.ActiveCfg = Debug|Any CPU
		{FEF1D5A9-C5CB-44A1-B443-4BF4AE374EE6}.Debug|Any CPU.Build.0 = Debug|Any CPU
		{FEF1D5A9-C5CB-44A1-B443-4BF4AE374EE6}.Release|Any CPU.ActiveCfg = Release|Any CPU
		{FEF1D5A9-C5CB-44A1-B443-4BF4AE374EE6}.Release|Any CPU.Build.0 = Release|Any CPU
		{4295AE72-F98A-4206-A739-2DD40C924CEE}.Debug|Any CPU.ActiveCfg = Debug|Any CPU
		{4295AE72-F98A-4206-A739-2DD40C924CEE}.Debug|Any CPU.Build.0 = Debug|Any CPU
		{4295AE72-F98A-4206-A739-2DD40C924CEE}.Release|Any CPU.ActiveCfg = Release|Any CPU
		{4295AE72-F98A-4206-A739-2DD40C924CEE}.Release|Any CPU.Build.0 = Release|Any CPU
	EndGlobalSection
	GlobalSection(SolutionProperties) = preSolution
		HideSolutionNode = FALSE
	EndGlobalSection
	GlobalSection(ExtensibilityGlobals) = postSolution
		SolutionGuid = {D788712A-F3FE-480F-A4F6-BCEDD4CB469C}
	EndGlobalSection
EndGlobal
