
Microsoft Visual Studio Solution File, Format Version 12.00
# Visual Studio Version 17
VisualStudioVersion = 17.11.35222.181
MinimumVisualStudioVersion = 10.0.40219.1
Project("{9A19103F-16F7-4668-BE54-9A1E7A4F7556}") = "FirstProgram", "FirstProgram\FirstProgram.csproj", "{94BED5F1-3F26-47B9-94FC-AA39AD6D6DD9}"
EndProject
Project("{9A19103F-16F7-4668-BE54-9A1E7A4F7556}") = "DifferentDataTypes", "DifferentDataTypes\DifferentDataTypes.csproj", "{C6719907-C57A-4360-86DD-F0CC3345D07A}"
EndProject
Project("{9A19103F-16F7-4668-BE54-9A1E7A4F7556}") = "ReadUserInputName", "ReadUserInputName\ReadUserInputName.csproj", "{A932F688-40DA-433E-88EE-31BA34A7413A}"
EndProject
Project("{9A19103F-16F7-4668-BE54-9A1E7A4F7556}") = "ReadDifferentData", "ReadDifferentData\ReadDifferentData.csproj", "{6EEE1F62-7AC8-412D-B70B-AD415A7BA471}"
EndProject
Project("{9A19103F-16F7-4668-BE54-9A1E7A4F7556}") = "Printing", "Printing\Printing.csproj", "{AF143BF0-3D69-4EDF-A409-4DC953C61DDA}"
EndProject
Project("{9A19103F-16F7-4668-BE54-9A1E7A4F7556}") = "WeatherForecast", "WeatherForecast\WeatherForecast.csproj", "{5C45CC1F-6628-4F68-AD8C-A85DCBFD29E3}"
EndProject
Project("{9A19103F-16F7-4668-BE54-9A1E7A4F7556}") = "KilometersToMiles", "KilometersToMiles\KilometersToMiles.csproj", "{63FE5127-CA7A-4433-9BE2-FFD127D2B827}"
EndProject
Project("{9A19103F-16F7-4668-BE54-9A1E7A4F7556}") = "Calculate", "Calculate\Calculate.csproj", "{333F54E7-8E59-481D-87CB-FA6B259CF33C}"
EndProject
Project("{9A19103F-16F7-4668-BE54-9A1E7A4F7556}") = "Time", "Time\Time.csproj", "{0BEF796A-BACE-41C6-8BDC-FFC80EFF932D}"
EndProject
Project("{FAE04EC0-301F-11D3-BF4B-00C04F79EFBC}") = "Speed", "Speed\Speed.csproj", "{5F7F7A28-AF27-4751-A024-1D98264EBDC7}"
EndProject
Project("{FAE04EC0-301F-11D3-BF4B-00C04F79EFBC}") = "Painting", "Painting\Painting.csproj", "{428CEF3F-2153-4CDA-AE53-10B2741B046C}"
EndProject
Project("{FAE04EC0-301F-11D3-BF4B-00C04F79EFBC}") = "Office", "Office\Office.csproj", "{7E3CEF09-72C1-48CE-8941-BAF05874D5A4}"
EndProject
Project("{FAE04EC0-301F-11D3-BF4B-00C04F79EFBC}") = "BodyMassIndex(BMI)", "BodyMassIndex(BMI)\BodyMassIndex(BMI).csproj", "{F2480A98-28B8-470E-995C-F7AECFB888E1}"
EndProject
Project("{FAE04EC0-301F-11D3-BF4B-00C04F79EFBC}") = "WaterConsumption", "WaterConsumption\WaterConsumption.csproj", "{CD19DBED-2C20-46E1-B293-C840150E6D03}"
EndProject
Project("{FAE04EC0-301F-11D3-BF4B-00C04F79EFBC}") = "ElectricityBill", "ElectricityBill\ElectricityBill.csproj", "{7578102E-D0A5-43F7-82FE-7C0B8DF4BACE}"
EndProject
Project("{FAE04EC0-301F-11D3-BF4B-00C04F79EFBC}") = "AverageSpeed", "AverageSpeed\AverageSpeed.csproj", "{687B7C2B-77CA-46F8-94DB-469F69DA66B3}"
EndProject
Project("{FAE04EC0-301F-11D3-BF4B-00C04F79EFBC}") = "FuelEfficiency", "FuelEfficiency\FuelEfficiency.csproj", "{FAC26577-5E30-439F-B90A-C0AEFC13C7F2}"
EndProject
Project("{FAE04EC0-301F-11D3-BF4B-00C04F79EFBC}") = "CircleCircumference", "CircleCircumference\CircleCircumference.csproj", "{5907A6A5-01C4-41B4-A6F2-EC4F1B2DA575}"
EndProject
Global
	GlobalSection(SolutionConfigurationPlatforms) = preSolution
		Debug|Any CPU = Debug|Any CPU
		Release|Any CPU = Release|Any CPU
	EndGlobalSection
	GlobalSection(ProjectConfigurationPlatforms) = postSolution
		{94BED5F1-3F26-47B9-94FC-AA39AD6D6DD9}.Debug|Any CPU.ActiveCfg = Debug|Any CPU
		{94BED5F1-3F26-47B9-94FC-AA39AD6D6DD9}.Debug|Any CPU.Build.0 = Debug|Any CPU
		{94BED5F1-3F26-47B9-94FC-AA39AD6D6DD9}.Release|Any CPU.ActiveCfg = Release|Any CPU
		{94BED5F1-3F26-47B9-94FC-AA39AD6D6DD9}.Release|Any CPU.Build.0 = Release|Any CPU
		{C6719907-C57A-4360-86DD-F0CC3345D07A}.Debug|Any CPU.ActiveCfg = Debug|Any CPU
		{C6719907-C57A-4360-86DD-F0CC3345D07A}.Debug|Any CPU.Build.0 = Debug|Any CPU
		{C6719907-C57A-4360-86DD-F0CC3345D07A}.Release|Any CPU.ActiveCfg = Release|Any CPU
		{C6719907-C57A-4360-86DD-F0CC3345D07A}.Release|Any CPU.Build.0 = Release|Any CPU
		{A932F688-40DA-433E-88EE-31BA34A7413A}.Debug|Any CPU.ActiveCfg = Debug|Any CPU
		{A932F688-40DA-433E-88EE-31BA34A7413A}.Debug|Any CPU.Build.0 = Debug|Any CPU
		{A932F688-40DA-433E-88EE-31BA34A7413A}.Release|Any CPU.ActiveCfg = Release|Any CPU
		{A932F688-40DA-433E-88EE-31BA34A7413A}.Release|Any CPU.Build.0 = Release|Any CPU
		{6EEE1F62-7AC8-412D-B70B-AD415A7BA471}.Debug|Any CPU.ActiveCfg = Debug|Any CPU
		{6EEE1F62-7AC8-412D-B70B-AD415A7BA471}.Debug|Any CPU.Build.0 = Debug|Any CPU
		{6EEE1F62-7AC8-412D-B70B-AD415A7BA471}.Release|Any CPU.ActiveCfg = Release|Any CPU
		{6EEE1F62-7AC8-412D-B70B-AD415A7BA471}.Release|Any CPU.Build.0 = Release|Any CPU
		{AF143BF0-3D69-4EDF-A409-4DC953C61DDA}.Debug|Any CPU.ActiveCfg = Debug|Any CPU
		{AF143BF0-3D69-4EDF-A409-4DC953C61DDA}.Debug|Any CPU.Build.0 = Debug|Any CPU
		{AF143BF0-3D69-4EDF-A409-4DC953C61DDA}.Release|Any CPU.ActiveCfg = Release|Any CPU
		{AF143BF0-3D69-4EDF-A409-4DC953C61DDA}.Release|Any CPU.Build.0 = Release|Any CPU
		{5C45CC1F-6628-4F68-AD8C-A85DCBFD29E3}.Debug|Any CPU.ActiveCfg = Debug|Any CPU
		{5C45CC1F-6628-4F68-AD8C-A85DCBFD29E3}.Debug|Any CPU.Build.0 = Debug|Any CPU
		{5C45CC1F-6628-4F68-AD8C-A85DCBFD29E3}.Release|Any CPU.ActiveCfg = Release|Any CPU
		{5C45CC1F-6628-4F68-AD8C-A85DCBFD29E3}.Release|Any CPU.Build.0 = Release|Any CPU
		{63FE5127-CA7A-4433-9BE2-FFD127D2B827}.Debug|Any CPU.ActiveCfg = Debug|Any CPU
		{63FE5127-CA7A-4433-9BE2-FFD127D2B827}.Debug|Any CPU.Build.0 = Debug|Any CPU
		{63FE5127-CA7A-4433-9BE2-FFD127D2B827}.Release|Any CPU.ActiveCfg = Release|Any CPU
		{63FE5127-CA7A-4433-9BE2-FFD127D2B827}.Release|Any CPU.Build.0 = Release|Any CPU
		{333F54E7-8E59-481D-87CB-FA6B259CF33C}.Debug|Any CPU.ActiveCfg = Debug|Any CPU
		{333F54E7-8E59-481D-87CB-FA6B259CF33C}.Debug|Any CPU.Build.0 = Debug|Any CPU
		{333F54E7-8E59-481D-87CB-FA6B259CF33C}.Release|Any CPU.ActiveCfg = Release|Any CPU
		{333F54E7-8E59-481D-87CB-FA6B259CF33C}.Release|Any CPU.Build.0 = Release|Any CPU
		{0BEF796A-BACE-41C6-8BDC-FFC80EFF932D}.Debug|Any CPU.ActiveCfg = Debug|Any CPU
		{0BEF796A-BACE-41C6-8BDC-FFC80EFF932D}.Debug|Any CPU.Build.0 = Debug|Any CPU
		{0BEF796A-BACE-41C6-8BDC-FFC80EFF932D}.Release|Any CPU.ActiveCfg = Release|Any CPU
		{0BEF796A-BACE-41C6-8BDC-FFC80EFF932D}.Release|Any CPU.Build.0 = Release|Any CPU
		{5F7F7A28-AF27-4751-A024-1D98264EBDC7}.Debug|Any CPU.ActiveCfg = Debug|Any CPU
		{5F7F7A28-AF27-4751-A024-1D98264EBDC7}.Debug|Any CPU.Build.0 = Debug|Any CPU
		{5F7F7A28-AF27-4751-A024-1D98264EBDC7}.Release|Any CPU.ActiveCfg = Release|Any CPU
		{5F7F7A28-AF27-4751-A024-1D98264EBDC7}.Release|Any CPU.Build.0 = Release|Any CPU
		{428CEF3F-2153-4CDA-AE53-10B2741B046C}.Debug|Any CPU.ActiveCfg = Debug|Any CPU
		{428CEF3F-2153-4CDA-AE53-10B2741B046C}.Debug|Any CPU.Build.0 = Debug|Any CPU
		{428CEF3F-2153-4CDA-AE53-10B2741B046C}.Release|Any CPU.ActiveCfg = Release|Any CPU
		{428CEF3F-2153-4CDA-AE53-10B2741B046C}.Release|Any CPU.Build.0 = Release|Any CPU
		{7E3CEF09-72C1-48CE-8941-BAF05874D5A4}.Debug|Any CPU.ActiveCfg = Debug|Any CPU
		{7E3CEF09-72C1-48CE-8941-BAF05874D5A4}.Debug|Any CPU.Build.0 = Debug|Any CPU
		{7E3CEF09-72C1-48CE-8941-BAF05874D5A4}.Release|Any CPU.ActiveCfg = Release|Any CPU
		{7E3CEF09-72C1-48CE-8941-BAF05874D5A4}.Release|Any CPU.Build.0 = Release|Any CPU
		{F2480A98-28B8-470E-995C-F7AECFB888E1}.Debug|Any CPU.ActiveCfg = Debug|Any CPU
		{F2480A98-28B8-470E-995C-F7AECFB888E1}.Debug|Any CPU.Build.0 = Debug|Any CPU
		{F2480A98-28B8-470E-995C-F7AECFB888E1}.Release|Any CPU.ActiveCfg = Release|Any CPU
		{F2480A98-28B8-470E-995C-F7AECFB888E1}.Release|Any CPU.Build.0 = Release|Any CPU
		{CD19DBED-2C20-46E1-B293-C840150E6D03}.Debug|Any CPU.ActiveCfg = Debug|Any CPU
		{CD19DBED-2C20-46E1-B293-C840150E6D03}.Debug|Any CPU.Build.0 = Debug|Any CPU
		{CD19DBED-2C20-46E1-B293-C840150E6D03}.Release|Any CPU.ActiveCfg = Release|Any CPU
		{CD19DBED-2C20-46E1-B293-C840150E6D03}.Release|Any CPU.Build.0 = Release|Any CPU
		{7578102E-D0A5-43F7-82FE-7C0B8DF4BACE}.Debug|Any CPU.ActiveCfg = Debug|Any CPU
		{7578102E-D0A5-43F7-82FE-7C0B8DF4BACE}.Debug|Any CPU.Build.0 = Debug|Any CPU
		{7578102E-D0A5-43F7-82FE-7C0B8DF4BACE}.Release|Any CPU.ActiveCfg = Release|Any CPU
		{7578102E-D0A5-43F7-82FE-7C0B8DF4BACE}.Release|Any CPU.Build.0 = Release|Any CPU
		{687B7C2B-77CA-46F8-94DB-469F69DA66B3}.Debug|Any CPU.ActiveCfg = Debug|Any CPU
		{687B7C2B-77CA-46F8-94DB-469F69DA66B3}.Debug|Any CPU.Build.0 = Debug|Any CPU
		{687B7C2B-77CA-46F8-94DB-469F69DA66B3}.Release|Any CPU.ActiveCfg = Release|Any CPU
		{687B7C2B-77CA-46F8-94DB-469F69DA66B3}.Release|Any CPU.Build.0 = Release|Any CPU
		{FAC26577-5E30-439F-B90A-C0AEFC13C7F2}.Debug|Any CPU.ActiveCfg = Debug|Any CPU
		{FAC26577-5E30-439F-B90A-C0AEFC13C7F2}.Debug|Any CPU.Build.0 = Debug|Any CPU
		{FAC26577-5E30-439F-B90A-C0AEFC13C7F2}.Release|Any CPU.ActiveCfg = Release|Any CPU
		{FAC26577-5E30-439F-B90A-C0AEFC13C7F2}.Release|Any CPU.Build.0 = Release|Any CPU
		{5907A6A5-01C4-41B4-A6F2-EC4F1B2DA575}.Debug|Any CPU.ActiveCfg = Debug|Any CPU
		{5907A6A5-01C4-41B4-A6F2-EC4F1B2DA575}.Debug|Any CPU.Build.0 = Debug|Any CPU
		{5907A6A5-01C4-41B4-A6F2-EC4F1B2DA575}.Release|Any CPU.ActiveCfg = Release|Any CPU
		{5907A6A5-01C4-41B4-A6F2-EC4F1B2DA575}.Release|Any CPU.Build.0 = Release|Any CPU
	EndGlobalSection
	GlobalSection(SolutionProperties) = preSolution
		HideSolutionNode = FALSE
	EndGlobalSection
	GlobalSection(ExtensibilityGlobals) = postSolution
		SolutionGuid = {15B6FC48-3819-4E45-A276-60C4E3F9A23A}
	EndGlobalSection
EndGlobal
