
Microsoft Visual Studio Solution File, Format Version 12.00
# Visual Studio Version 17
VisualStudioVersion = 17.11.35222.181
MinimumVisualStudioVersion = 10.0.40219.1
Project("{FAE04EC0-301F-11D3-BF4B-00C04F79EFBC}") = "AurorBattleFormation", "AurorBattleFormation\AurorBattleFormation.csproj", "{73B4EF14-63F5-4614-9433-04DE4F92F9CC}"
EndProject
Global
	GlobalSection(SolutionConfigurationPlatforms) = preSolution
		Debug|Any CPU = Debug|Any CPU
		Release|Any CPU = Release|Any CPU
	EndGlobalSection
	GlobalSection(ProjectConfigurationPlatforms) = postSolution
		{73B4EF14-63F5-4614-9433-04DE4F92F9CC}.Debug|Any CPU.ActiveCfg = Debug|Any CPU
		{73B4EF14-63F5-4614-9433-04DE4F92F9CC}.Debug|Any CPU.Build.0 = Debug|Any CPU
		{73B4EF14-63F5-4614-9433-04DE4F92F9CC}.Release|Any CPU.ActiveCfg = Release|Any CPU
		{73B4EF14-63F5-4614-9433-04DE4F92F9CC}.Release|Any CPU.Build.0 = Release|Any CPU
	EndGlobalSection
	GlobalSection(SolutionProperties) = preSolution
		HideSolutionNode = FALSE
	EndGlobalSection
	GlobalSection(ExtensibilityGlobals) = postSolution
		SolutionGuid = {CABE72AD-F03D-48ED-8754-AFB41C0FA8A3}
	EndGlobalSection
EndGlobal
