
Microsoft Visual Studio Solution File, Format Version 12.00
# Visual Studio Version 17
VisualStudioVersion = 17.11.35222.181
MinimumVisualStudioVersion = 10.0.40219.1
Project("{FAE04EC0-301F-11D3-BF4B-00C04F79EFBC}") = "01.CarInfo", "01.CarInfo\01.CarInfo.csproj", "{A32DB50F-5CCD-4D93-98AF-7A43CB555F2D}"
EndProject
Project("{FAE04EC0-301F-11D3-BF4B-00C04F79EFBC}") = "02.CarConstructors", "02.CarConstructors\02.CarConstructors.csproj", "{C5D0D08B-EDC6-406A-B5E0-2EB818AB641C}"
EndProject
Project("{FAE04EC0-301F-11D3-BF4B-00C04F79EFBC}") = "03.BankAccount", "03.BankAccount\03.BankAccount.csproj", "{F2F5A46C-DAC3-4057-A25F-E69501F34BA7}"
EndProject
Global
	GlobalSection(SolutionConfigurationPlatforms) = preSolution
		Debug|Any CPU = Debug|Any CPU
		Release|Any CPU = Release|Any CPU
	EndGlobalSection
	GlobalSection(ProjectConfigurationPlatforms) = postSolution
		{A32DB50F-5CCD-4D93-98AF-7A43CB555F2D}.Debug|Any CPU.ActiveCfg = Debug|Any CPU
		{A32DB50F-5CCD-4D93-98AF-7A43CB555F2D}.Debug|Any CPU.Build.0 = Debug|Any CPU
		{A32DB50F-5CCD-4D93-98AF-7A43CB555F2D}.Release|Any CPU.ActiveCfg = Release|Any CPU
		{A32DB50F-5CCD-4D93-98AF-7A43CB555F2D}.Release|Any CPU.Build.0 = Release|Any CPU
		{C5D0D08B-EDC6-406A-B5E0-2EB818AB641C}.Debug|Any CPU.ActiveCfg = Debug|Any CPU
		{C5D0D08B-EDC6-406A-B5E0-2EB818AB641C}.Debug|Any CPU.Build.0 = Debug|Any CPU
		{C5D0D08B-EDC6-406A-B5E0-2EB818AB641C}.Release|Any CPU.ActiveCfg = Release|Any CPU
		{C5D0D08B-EDC6-406A-B5E0-2EB818AB641C}.Release|Any CPU.Build.0 = Release|Any CPU
		{F2F5A46C-DAC3-4057-A25F-E69501F34BA7}.Debug|Any CPU.ActiveCfg = Debug|Any CPU
		{F2F5A46C-DAC3-4057-A25F-E69501F34BA7}.Debug|Any CPU.Build.0 = Debug|Any CPU
		{F2F5A46C-DAC3-4057-A25F-E69501F34BA7}.Release|Any CPU.ActiveCfg = Release|Any CPU
		{F2F5A46C-DAC3-4057-A25F-E69501F34BA7}.Release|Any CPU.Build.0 = Release|Any CPU
	EndGlobalSection
	GlobalSection(SolutionProperties) = preSolution
		HideSolutionNode = FALSE
	EndGlobalSection
	GlobalSection(ExtensibilityGlobals) = postSolution
		SolutionGuid = {82DFF05D-CA22-4C7E-90C5-2FC80DF823A5}
	EndGlobalSection
EndGlobal
