
Microsoft Visual Studio Solution File, Format Version 12.00
# Visual Studio Version 17
VisualStudioVersion = 17.11.35222.181
MinimumVisualStudioVersion = 10.0.40219.1
Project("{9A19103F-16F7-4668-BE54-9A1E7A4F7556}") = "01.Marks", "01.Marks\01.Marks.csproj", "{E46F8085-64BE-479B-B143-0E49811A4D7E}"
EndProject
Project("{9A19103F-16F7-4668-BE54-9A1E7A4F7556}") = "02.LargerNumber", "02.LargerNumber\02.LargerNumber.csproj", "{F846DAA5-99C1-4F0F-8E6B-F62BD22B645D}"
EndProject
Project("{9A19103F-16F7-4668-BE54-9A1E7A4F7556}") = "03.NumberFrom0To9WithWords", "03.NumberFrom0To9WithWords\03.NumberFrom0To9WithWords.csproj", "{631C455D-CAB3-4C22-B358-F2779EED0153}"
EndProject
Project("{9A19103F-16F7-4668-BE54-9A1E7A4F7556}") = "04.FaceOfFigures", "04.FaceOfFigures\04.FaceOfFigures.csproj", "{660D8F75-2A2B-4456-BBDF-D2463FFDF77D}"
EndProject
Project("{9A19103F-16F7-4668-BE54-9A1E7A4F7556}") = "05.DayOfTheWeek", "05.DayOfTheWeek\05.DayOfTheWeek.csproj", "{415DE7F1-2D68-49F0-94A6-6CF3082496FE}"
EndProject
Project("{9A19103F-16F7-4668-BE54-9A1E7A4F7556}") = "06.EvenOrodd", "06.EvenOrodd\06.EvenOrodd.csproj", "{E4A16BB4-2C6D-4F4C-B7A0-D8D9FF26E22C}"
EndProject
Project("{9A19103F-16F7-4668-BE54-9A1E7A4F7556}") = "07.Speed", "07.Speed\07.Speed.csproj", "{4992D91C-5CC2-4432-A3F8-0975D6493915}"
EndProject
Project("{9A19103F-16F7-4668-BE54-9A1E7A4F7556}") = "09.AddressByAgeAndGender", "09.AddressByAgeAndGender\09.AddressByAgeAndGender.csproj", "{DBACD7A8-1DD2-40F4-8CAF-65DAD1ADD83C}"
EndProject
Project("{FAE04EC0-301F-11D3-BF4B-00C04F79EFBC}") = "10.Grocery", "10.Grocery\10.Grocery.csproj", "{088730B5-7813-48A9-AF9D-F5A491556337}"
EndProject
Project("{FAE04EC0-301F-11D3-BF4B-00C04F79EFBC}") = "11.NumberInTherange", "11.NumberInTherange\11.NumberInTherange.csproj", "{0ECCA5E7-DC5C-4F3C-9112-030B8259E3F1}"
EndProject
Project("{FAE04EC0-301F-11D3-BF4B-00C04F79EFBC}") = "12.SimpleCalculator", "12.SimpleCalculator\12.SimpleCalculator.csproj", "{2902312D-0FBD-4885-8C77-28827DEEFCC5}"
EndProject
Project("{FAE04EC0-301F-11D3-BF4B-00C04F79EFBC}") = "13.VegetableMarket", "13.VegetableMarket\13.VegetableMarket.csproj", "{DDDBDDC2-9B89-4A7E-B126-A59355DAF144}"
EndProject
Project("{FAE04EC0-301F-11D3-BF4B-00C04F79EFBC}") = "14.Holiday", "14.Holiday\14.Holiday.csproj", "{D4D1FF98-4DD9-41E6-AE6A-58C884FE40AA}"
EndProject
Project("{FAE04EC0-301F-11D3-BF4B-00C04F79EFBC}") = "15.MakeupShop", "15.MakeupShop\15.MakeupShop.csproj", "{E2B97156-13B7-4CD3-BAA4-C480C17A82AC}"
EndProject
Project("{FAE04EC0-301F-11D3-BF4B-00C04F79EFBC}") = "16.AtSea", "16.AtSea\16.AtSea.csproj", "{97A66316-F8AB-47C3-B94C-5F8C7A74B84E}"
EndProject
Project("{FAE04EC0-301F-11D3-BF4B-00C04F79EFBC}") = "17.GradeCalculator", "17.GradeCalculator\17.GradeCalculator.csproj", "{A98FEE4D-5866-49C9-8F44-517DF65DDCD9}"
EndProject
Project("{FAE04EC0-301F-11D3-BF4B-00C04F79EFBC}") = "18.LeapYearChecker", "18.LeapYearChecker\18.LeapYearChecker.csproj", "{34D5270D-0B64-4E3E-8B87-F0C86785293B}"
EndProject
Project("{FAE04EC0-301F-11D3-BF4B-00C04F79EFBC}") = "19.MovieTicketPrice", "19.MovieTicketPrice\19.MovieTicketPrice.csproj", "{6557FA65-9945-4CB8-B32E-2DA0C2F7F5C8}"
EndProject
Project("{FAE04EC0-301F-11D3-BF4B-00C04F79EFBC}") = "20.DaysInMonth", "20.DaysInMonth\20.DaysInMonth.csproj", "{0A4E0117-0AC3-4B8C-8C3A-81F0704D89D1}"
EndProject
Project("{FAE04EC0-301F-11D3-BF4B-00C04F79EFBC}") = "21.UniversityAdmissions", "21.UniversityAdmissions\21.UniversityAdmissions.csproj", "{D5FFD293-B33A-4F7F-8852-E7F80A320114}"
EndProject
Project("{FAE04EC0-301F-11D3-BF4B-00C04F79EFBC}") = "22.DiscountCalculator", "22.DiscountCalculator\22.DiscountCalculator.csproj", "{2502BC38-6A8D-4C55-91B1-AFB1A81862E3}"
EndProject
Global
	GlobalSection(SolutionConfigurationPlatforms) = preSolution
		Debug|Any CPU = Debug|Any CPU
		Release|Any CPU = Release|Any CPU
	EndGlobalSection
	GlobalSection(ProjectConfigurationPlatforms) = postSolution
		{E46F8085-64BE-479B-B143-0E49811A4D7E}.Debug|Any CPU.ActiveCfg = Debug|Any CPU
		{E46F8085-64BE-479B-B143-0E49811A4D7E}.Debug|Any CPU.Build.0 = Debug|Any CPU
		{E46F8085-64BE-479B-B143-0E49811A4D7E}.Release|Any CPU.ActiveCfg = Release|Any CPU
		{E46F8085-64BE-479B-B143-0E49811A4D7E}.Release|Any CPU.Build.0 = Release|Any CPU
		{F846DAA5-99C1-4F0F-8E6B-F62BD22B645D}.Debug|Any CPU.ActiveCfg = Debug|Any CPU
		{F846DAA5-99C1-4F0F-8E6B-F62BD22B645D}.Debug|Any CPU.Build.0 = Debug|Any CPU
		{F846DAA5-99C1-4F0F-8E6B-F62BD22B645D}.Release|Any CPU.ActiveCfg = Release|Any CPU
		{F846DAA5-99C1-4F0F-8E6B-F62BD22B645D}.Release|Any CPU.Build.0 = Release|Any CPU
		{631C455D-CAB3-4C22-B358-F2779EED0153}.Debug|Any CPU.ActiveCfg = Debug|Any CPU
		{631C455D-CAB3-4C22-B358-F2779EED0153}.Debug|Any CPU.Build.0 = Debug|Any CPU
		{631C455D-CAB3-4C22-B358-F2779EED0153}.Release|Any CPU.ActiveCfg = Release|Any CPU
		{631C455D-CAB3-4C22-B358-F2779EED0153}.Release|Any CPU.Build.0 = Release|Any CPU
		{660D8F75-2A2B-4456-BBDF-D2463FFDF77D}.Debug|Any CPU.ActiveCfg = Debug|Any CPU
		{660D8F75-2A2B-4456-BBDF-D2463FFDF77D}.Debug|Any CPU.Build.0 = Debug|Any CPU
		{660D8F75-2A2B-4456-BBDF-D2463FFDF77D}.Release|Any CPU.ActiveCfg = Release|Any CPU
		{660D8F75-2A2B-4456-BBDF-D2463FFDF77D}.Release|Any CPU.Build.0 = Release|Any CPU
		{415DE7F1-2D68-49F0-94A6-6CF3082496FE}.Debug|Any CPU.ActiveCfg = Debug|Any CPU
		{415DE7F1-2D68-49F0-94A6-6CF3082496FE}.Debug|Any CPU.Build.0 = Debug|Any CPU
		{415DE7F1-2D68-49F0-94A6-6CF3082496FE}.Release|Any CPU.ActiveCfg = Release|Any CPU
		{415DE7F1-2D68-49F0-94A6-6CF3082496FE}.Release|Any CPU.Build.0 = Release|Any CPU
		{E4A16BB4-2C6D-4F4C-B7A0-D8D9FF26E22C}.Debug|Any CPU.ActiveCfg = Debug|Any CPU
		{E4A16BB4-2C6D-4F4C-B7A0-D8D9FF26E22C}.Debug|Any CPU.Build.0 = Debug|Any CPU
		{E4A16BB4-2C6D-4F4C-B7A0-D8D9FF26E22C}.Release|Any CPU.ActiveCfg = Release|Any CPU
		{E4A16BB4-2C6D-4F4C-B7A0-D8D9FF26E22C}.Release|Any CPU.Build.0 = Release|Any CPU
		{4992D91C-5CC2-4432-A3F8-0975D6493915}.Debug|Any CPU.ActiveCfg = Debug|Any CPU
		{4992D91C-5CC2-4432-A3F8-0975D6493915}.Debug|Any CPU.Build.0 = Debug|Any CPU
		{4992D91C-5CC2-4432-A3F8-0975D6493915}.Release|Any CPU.ActiveCfg = Release|Any CPU
		{4992D91C-5CC2-4432-A3F8-0975D6493915}.Release|Any CPU.Build.0 = Release|Any CPU
		{DBACD7A8-1DD2-40F4-8CAF-65DAD1ADD83C}.Debug|Any CPU.ActiveCfg = Debug|Any CPU
		{DBACD7A8-1DD2-40F4-8CAF-65DAD1ADD83C}.Debug|Any CPU.Build.0 = Debug|Any CPU
		{DBACD7A8-1DD2-40F4-8CAF-65DAD1ADD83C}.Release|Any CPU.ActiveCfg = Release|Any CPU
		{DBACD7A8-1DD2-40F4-8CAF-65DAD1ADD83C}.Release|Any CPU.Build.0 = Release|Any CPU
		{088730B5-7813-48A9-AF9D-F5A491556337}.Debug|Any CPU.ActiveCfg = Debug|Any CPU
		{088730B5-7813-48A9-AF9D-F5A491556337}.Debug|Any CPU.Build.0 = Debug|Any CPU
		{088730B5-7813-48A9-AF9D-F5A491556337}.Release|Any CPU.ActiveCfg = Release|Any CPU
		{088730B5-7813-48A9-AF9D-F5A491556337}.Release|Any CPU.Build.0 = Release|Any CPU
		{0ECCA5E7-DC5C-4F3C-9112-030B8259E3F1}.Debug|Any CPU.ActiveCfg = Debug|Any CPU
		{0ECCA5E7-DC5C-4F3C-9112-030B8259E3F1}.Debug|Any CPU.Build.0 = Debug|Any CPU
		{0ECCA5E7-DC5C-4F3C-9112-030B8259E3F1}.Release|Any CPU.ActiveCfg = Release|Any CPU
		{0ECCA5E7-DC5C-4F3C-9112-030B8259E3F1}.Release|Any CPU.Build.0 = Release|Any CPU
		{2902312D-0FBD-4885-8C77-28827DEEFCC5}.Debug|Any CPU.ActiveCfg = Debug|Any CPU
		{2902312D-0FBD-4885-8C77-28827DEEFCC5}.Debug|Any CPU.Build.0 = Debug|Any CPU
		{2902312D-0FBD-4885-8C77-28827DEEFCC5}.Release|Any CPU.ActiveCfg = Release|Any CPU
		{2902312D-0FBD-4885-8C77-28827DEEFCC5}.Release|Any CPU.Build.0 = Release|Any CPU
		{DDDBDDC2-9B89-4A7E-B126-A59355DAF144}.Debug|Any CPU.ActiveCfg = Debug|Any CPU
		{DDDBDDC2-9B89-4A7E-B126-A59355DAF144}.Debug|Any CPU.Build.0 = Debug|Any CPU
		{DDDBDDC2-9B89-4A7E-B126-A59355DAF144}.Release|Any CPU.ActiveCfg = Release|Any CPU
		{DDDBDDC2-9B89-4A7E-B126-A59355DAF144}.Release|Any CPU.Build.0 = Release|Any CPU
		{D4D1FF98-4DD9-41E6-AE6A-58C884FE40AA}.Debug|Any CPU.ActiveCfg = Debug|Any CPU
		{D4D1FF98-4DD9-41E6-AE6A-58C884FE40AA}.Debug|Any CPU.Build.0 = Debug|Any CPU
		{D4D1FF98-4DD9-41E6-AE6A-58C884FE40AA}.Release|Any CPU.ActiveCfg = Release|Any CPU
		{D4D1FF98-4DD9-41E6-AE6A-58C884FE40AA}.Release|Any CPU.Build.0 = Release|Any CPU
		{E2B97156-13B7-4CD3-BAA4-C480C17A82AC}.Debug|Any CPU.ActiveCfg = Debug|Any CPU
		{E2B97156-13B7-4CD3-BAA4-C480C17A82AC}.Debug|Any CPU.Build.0 = Debug|Any CPU
		{E2B97156-13B7-4CD3-BAA4-C480C17A82AC}.Release|Any CPU.ActiveCfg = Release|Any CPU
		{E2B97156-13B7-4CD3-BAA4-C480C17A82AC}.Release|Any CPU.Build.0 = Release|Any CPU
		{97A66316-F8AB-47C3-B94C-5F8C7A74B84E}.Debug|Any CPU.ActiveCfg = Debug|Any CPU
		{97A66316-F8AB-47C3-B94C-5F8C7A74B84E}.Debug|Any CPU.Build.0 = Debug|Any CPU
		{97A66316-F8AB-47C3-B94C-5F8C7A74B84E}.Release|Any CPU.ActiveCfg = Release|Any CPU
		{97A66316-F8AB-47C3-B94C-5F8C7A74B84E}.Release|Any CPU.Build.0 = Release|Any CPU
		{A98FEE4D-5866-49C9-8F44-517DF65DDCD9}.Debug|Any CPU.ActiveCfg = Debug|Any CPU
		{A98FEE4D-5866-49C9-8F44-517DF65DDCD9}.Debug|Any CPU.Build.0 = Debug|Any CPU
		{A98FEE4D-5866-49C9-8F44-517DF65DDCD9}.Release|Any CPU.ActiveCfg = Release|Any CPU
		{A98FEE4D-5866-49C9-8F44-517DF65DDCD9}.Release|Any CPU.Build.0 = Release|Any CPU
		{34D5270D-0B64-4E3E-8B87-F0C86785293B}.Debug|Any CPU.ActiveCfg = Debug|Any CPU
		{34D5270D-0B64-4E3E-8B87-F0C86785293B}.Debug|Any CPU.Build.0 = Debug|Any CPU
		{34D5270D-0B64-4E3E-8B87-F0C86785293B}.Release|Any CPU.ActiveCfg = Release|Any CPU
		{34D5270D-0B64-4E3E-8B87-F0C86785293B}.Release|Any CPU.Build.0 = Release|Any CPU
		{6557FA65-9945-4CB8-B32E-2DA0C2F7F5C8}.Debug|Any CPU.ActiveCfg = Debug|Any CPU
		{6557FA65-9945-4CB8-B32E-2DA0C2F7F5C8}.Debug|Any CPU.Build.0 = Debug|Any CPU
		{6557FA65-9945-4CB8-B32E-2DA0C2F7F5C8}.Release|Any CPU.ActiveCfg = Release|Any CPU
		{6557FA65-9945-4CB8-B32E-2DA0C2F7F5C8}.Release|Any CPU.Build.0 = Release|Any CPU
		{0A4E0117-0AC3-4B8C-8C3A-81F0704D89D1}.Debug|Any CPU.ActiveCfg = Debug|Any CPU
		{0A4E0117-0AC3-4B8C-8C3A-81F0704D89D1}.Debug|Any CPU.Build.0 = Debug|Any CPU
		{0A4E0117-0AC3-4B8C-8C3A-81F0704D89D1}.Release|Any CPU.ActiveCfg = Release|Any CPU
		{0A4E0117-0AC3-4B8C-8C3A-81F0704D89D1}.Release|Any CPU.Build.0 = Release|Any CPU
		{D5FFD293-B33A-4F7F-8852-E7F80A320114}.Debug|Any CPU.ActiveCfg = Debug|Any CPU
		{D5FFD293-B33A-4F7F-8852-E7F80A320114}.Debug|Any CPU.Build.0 = Debug|Any CPU
		{D5FFD293-B33A-4F7F-8852-E7F80A320114}.Release|Any CPU.ActiveCfg = Release|Any CPU
		{D5FFD293-B33A-4F7F-8852-E7F80A320114}.Release|Any CPU.Build.0 = Release|Any CPU
		{2502BC38-6A8D-4C55-91B1-AFB1A81862E3}.Debug|Any CPU.ActiveCfg = Debug|Any CPU
		{2502BC38-6A8D-4C55-91B1-AFB1A81862E3}.Debug|Any CPU.Build.0 = Debug|Any CPU
		{2502BC38-6A8D-4C55-91B1-AFB1A81862E3}.Release|Any CPU.ActiveCfg = Release|Any CPU
		{2502BC38-6A8D-4C55-91B1-AFB1A81862E3}.Release|Any CPU.Build.0 = Release|Any CPU
	EndGlobalSection
	GlobalSection(SolutionProperties) = preSolution
		HideSolutionNode = FALSE
	EndGlobalSection
	GlobalSection(ExtensibilityGlobals) = postSolution
		SolutionGuid = {5555941A-330C-40CE-B417-39455CF8564C}
	EndGlobalSection
EndGlobal
